
Microsoft Visual Studio Solution File, Format Version 12.00
# Visual Studio Version 17
VisualStudioVersion = 17.13.35818.85 d17.13
MinimumVisualStudioVersion = 10.0.40219.1
Project("{8BC9CEB8-8B4A-11D0-8D11-00A0C91BC942}") = "LZW-Algorithmus", "LZW-Algorithmus\LZW-Algorithmus.vcxproj", "{DA6E9F91-4DCE-4578-9182-2EDBA732344F}"
EndProject
Global
	GlobalSection(SolutionConfigurationPlatforms) = preSolution
		Debug|x64 = Debug|x64
		Debug|x86 = Debug|x86
		Release|x64 = Release|x64
		Release|x86 = Release|x86
	EndGlobalSection
	GlobalSection(ProjectConfigurationPlatforms) = postSolution
		{DA6E9F91-4DCE-4578-9182-2EDBA732344F}.Debug|x64.ActiveCfg = Debug|x64
		{DA6E9F91-4DCE-4578-9182-2EDBA732344F}.Debug|x64.Build.0 = Debug|x64
		{DA6E9F91-4DCE-4578-9182-2EDBA732344F}.Debug|x86.ActiveCfg = Debug|Win32
		{DA6E9F91-4DCE-4578-9182-2EDBA732344F}.Debug|x86.Build.0 = Debug|Win32
		{DA6E9F91-4DCE-4578-9182-2EDBA732344F}.Release|x64.ActiveCfg = Release|x64
		{DA6E9F91-4DCE-4578-9182-2EDBA732344F}.Release|x64.Build.0 = Release|x64
		{DA6E9F91-4DCE-4578-9182-2EDBA732344F}.Release|x86.ActiveCfg = Release|Win32
		{DA6E9F91-4DCE-4578-9182-2EDBA732344F}.Release|x86.Build.0 = Release|Win32
	EndGlobalSection
	GlobalSection(SolutionProperties) = preSolution
		HideSolutionNode = FALSE
	EndGlobalSection
	GlobalSection(ExtensibilityGlobals) = postSolution
		SolutionGuid = {E93EF3E4-40E4-4F8C-97C7-9EFB15CFE9E2}
	EndGlobalSection
EndGlobal
